
Microsoft Visual Studio Solution File, Format Version 12.00
# Visual Studio 2013
VisualStudioVersion = 12.0.31101.0
MinimumVisualStudioVersion = 10.0.40219.1
Project("{FAE04EC0-301F-11D3-BF4B-00C04F79EFBC}") = "TableQueryParser.Core", "src\TableQueryParser.Core\TableQueryParser.Core.csproj", "{44BCA7E2-6E6A-4A17-A0D5-0067E757E572}"
EndProject
Project("{2150E333-8FDC-42A3-9474-1A3956D46DE8}") = "Tests", "Tests", "{304A7C53-F568-435C-829D-9EE875AE45FB}"
EndProject
Project("{FAE04EC0-301F-11D3-BF4B-00C04F79EFBC}") = "TableQueryParser.Tests", "tests\TableQueryParser.Tests\TableQueryParser.Tests.csproj", "{35538F2D-F48E-46A9-9DE8-B23D69AD3DE9}"
EndProject
Global
	GlobalSection(SolutionConfigurationPlatforms) = preSolution
		Debug|Any CPU = Debug|Any CPU
		Release|Any CPU = Release|Any CPU
	EndGlobalSection
	GlobalSection(ProjectConfigurationPlatforms) = postSolution
		{44BCA7E2-6E6A-4A17-A0D5-0067E757E572}.Debug|Any CPU.ActiveCfg = Debug|Any CPU
		{44BCA7E2-6E6A-4A17-A0D5-0067E757E572}.Debug|Any CPU.Build.0 = Debug|Any CPU
		{44BCA7E2-6E6A-4A17-A0D5-0067E757E572}.Release|Any CPU.ActiveCfg = Release|Any CPU
		{44BCA7E2-6E6A-4A17-A0D5-0067E757E572}.Release|Any CPU.Build.0 = Release|Any CPU
		{35538F2D-F48E-46A9-9DE8-B23D69AD3DE9}.Debug|Any CPU.ActiveCfg = Debug|Any CPU
		{35538F2D-F48E-46A9-9DE8-B23D69AD3DE9}.Debug|Any CPU.Build.0 = Debug|Any CPU
		{35538F2D-F48E-46A9-9DE8-B23D69AD3DE9}.Release|Any CPU.ActiveCfg = Release|Any CPU
		{35538F2D-F48E-46A9-9DE8-B23D69AD3DE9}.Release|Any CPU.Build.0 = Release|Any CPU
	EndGlobalSection
	GlobalSection(SolutionProperties) = preSolution
		HideSolutionNode = FALSE
	EndGlobalSection
	GlobalSection(NestedProjects) = preSolution
		{35538F2D-F48E-46A9-9DE8-B23D69AD3DE9} = {304A7C53-F568-435C-829D-9EE875AE45FB}
	EndGlobalSection
EndGlobal
